// !$*UTF8*$!
{
	archiveVersion = 1;
	classes = {
	};
	objectVersion = 46;
	objects = {

/* Begin PBXBuildFile section */
		C45E5E6E18A2321D00437178 /* Foundation.framework in Frameworks */ = {isa = PBXBuildFile; fileRef = C45E5E6D18A2321D00437178 /* Foundation.framework */; };
		C45E5E7018A2321D00437178 /* CoreGraphics.framework in Frameworks */ = {isa = PBXBuildFile; fileRef = C45E5E6F18A2321D00437178 /* CoreGraphics.framework */; };
		C45E5E7218A2321D00437178 /* UIKit.framework in Frameworks */ = {isa = PBXBuildFile; fileRef = C45E5E7118A2321D00437178 /* UIKit.framework */; };
		C45E5E7818A2321D00437178 /* InfoPlist.strings in Resources */ = {isa = PBXBuildFile; fileRef = C45E5E7618A2321D00437178 /* InfoPlist.strings */; };
		C45E5E7A18A2321D00437178 /* main.m in Sources */ = {isa = PBXBuildFile; fileRef = C45E5E7918A2321D00437178 /* main.m */; };
		C45E5E7E18A2321D00437178 /* AppDelegate.m in Sources */ = {isa = PBXBuildFile; fileRef = C45E5E7D18A2321D00437178 /* AppDelegate.m */; };
		C45E5E8118A2321D00437178 /* Main.storyboard in Resources */ = {isa = PBXBuildFile; fileRef = C45E5E7F18A2321D00437178 /* Main.storyboard */; };
		C45E5E8418A2321D00437178 /* ViewController.m in Sources */ = {isa = PBXBuildFile; fileRef = C45E5E8318A2321D00437178 /* ViewController.m */; };
		C45E5E8618A2321D00437178 /* Images.xcassets in Resources */ = {isa = PBXBuildFile; fileRef = C45E5E8518A2321D00437178 /* Images.xcassets */; };
		C45E5E8D18A2321D00437178 /* XCTest.framework in Frameworks */ = {isa = PBXBuildFile; fileRef = C45E5E8C18A2321D00437178 /* XCTest.framework */; };
		C45E5E8E18A2321D00437178 /* Foundation.framework in Frameworks */ = {isa = PBXBuildFile; fileRef = C45E5E6D18A2321D00437178 /* Foundation.framework */; };
		C45E5E8F18A2321D00437178 /* UIKit.framework in Frameworks */ = {isa = PBXBuildFile; fileRef = C45E5E7118A2321D00437178 /* UIKit.framework */; };
		C45E5E9718A2321D00437178 /* InfoPlist.strings in Resources */ = {isa = PBXBuildFile; fileRef = C45E5E9518A2321D00437178 /* InfoPlist.strings */; };
		C45E5E9918A2321D00437178 /* YFImagePagerTests.m in Sources */ = {isa = PBXBuildFile; fileRef = C45E5E9818A2321D00437178 /* YFImagePagerTests.m */; };
		C45E5EAC18A2332D00437178 /* YFImagePager.m in Sources */ = {isa = PBXBuildFile; fileRef = C45E5EAB18A2332D00437178 /* YFImagePager.m */; };
		C45E5EB218A234A900437178 /* 44.png in Resources */ = {isa = PBXBuildFile; fileRef = C45E5EAF18A234A900437178 /* 44.png */; };
		C45E5EB318A234A900437178 /* 55.png in Resources */ = {isa = PBXBuildFile; fileRef = C45E5EB018A234A900437178 /* 55.png */; };
		C45E5EB418A234A900437178 /* 66.png in Resources */ = {isa = PBXBuildFile; fileRef = C45E5EB118A234A900437178 /* 66.png */; };
/* End PBXBuildFile section */

/* Begin PBXContainerItemProxy section */
		C45E5E9018A2321D00437178 /* PBXContainerItemProxy */ = {
			isa = PBXContainerItemProxy;
			containerPortal = C45E5E6218A2321D00437178 /* Project object */;
			proxyType = 1;
			remoteGlobalIDString = C45E5E6918A2321D00437178;
			remoteInfo = YFImagePager;
		};
/* End PBXContainerItemProxy section */

/* Begin PBXFileReference section */
		C45E5E6A18A2321D00437178 /* YFImagePager.app */ = {isa = PBXFileReference; explicitFileType = wrapper.application; includeInIndex = 0; path = YFImagePager.app; sourceTree = BUILT_PRODUCTS_DIR; };
		C45E5E6D18A2321D00437178 /* Foundation.framework */ = {isa = PBXFileReference; lastKnownFileType = wrapper.framework; name = Foundation.framework; path = System/Library/Frameworks/Foundation.framework; sourceTree = SDKROOT; };
		C45E5E6F18A2321D00437178 /* CoreGraphics.framework */ = {isa = PBXFileReference; lastKnownFileType = wrapper.framework; name = CoreGraphics.framework; path = System/Library/Frameworks/CoreGraphics.framework; sourceTree = SDKROOT; };
		C45E5E7118A2321D00437178 /* UIKit.framework */ = {isa = PBXFileReference; lastKnownFileType = wrapper.framework; name = UIKit.framework; path = System/Library/Frameworks/UIKit.framework; sourceTree = SDKROOT; };
		C45E5E7518A2321D00437178 /* YFImagePager-Info.plist */ = {isa = PBXFileReference; lastKnownFileType = text.plist.xml; path = "YFImagePager-Info.plist"; sourceTree = "<group>"; };
		C45E5E7718A2321D00437178 /* en */ = {isa = PBXFileReference; lastKnownFileType = text.plist.strings; name = en; path = en.lproj/InfoPlist.strings; sourceTree = "<group>"; };
		C45E5E7918A2321D00437178 /* main.m */ = {isa = PBXFileReference; lastKnownFileType = sourcecode.c.objc; path = main.m; sourceTree = "<group>"; };
		C45E5E7B18A2321D00437178 /* YFImagePager-Prefix.pch */ = {isa = PBXFileReference; lastKnownFileType = sourcecode.c.h; path = "YFImagePager-Prefix.pch"; sourceTree = "<group>"; };
		C45E5E7C18A2321D00437178 /* AppDelegate.h */ = {isa = PBXFileReference; lastKnownFileType = sourcecode.c.h; path = AppDelegate.h; sourceTree = "<group>"; };
		C45E5E7D18A2321D00437178 /* AppDelegate.m */ = {isa = PBXFileReference; lastKnownFileType = sourcecode.c.objc; path = AppDelegate.m; sourceTree = "<group>"; };
		C45E5E8018A2321D00437178 /* Base */ = {isa = PBXFileReference; lastKnownFileType = file.storyboard; name = Base; path = Base.lproj/Main.storyboard; sourceTree = "<group>"; };
		C45E5E8218A2321D00437178 /* ViewController.h */ = {isa = PBXFileReference; lastKnownFileType = sourcecode.c.h; path = ViewController.h; sourceTree = "<group>"; };
		C45E5E8318A2321D00437178 /* ViewController.m */ = {isa = PBXFileReference; lastKnownFileType = sourcecode.c.objc; path = ViewController.m; sourceTree = "<group>"; };
		C45E5E8518A2321D00437178 /* Images.xcassets */ = {isa = PBXFileReference; lastKnownFileType = folder.assetcatalog; path = Images.xcassets; sourceTree = "<group>"; };
		C45E5E8B18A2321D00437178 /* YFImagePagerTests.xctest */ = {isa = PBXFileReference; explicitFileType = wrapper.cfbundle; includeInIndex = 0; path = YFImagePagerTests.xctest; sourceTree = BUILT_PRODUCTS_DIR; };
		C45E5E8C18A2321D00437178 /* XCTest.framework */ = {isa = PBXFileReference; lastKnownFileType = wrapper.framework; name = XCTest.framework; path = Library/Frameworks/XCTest.framework; sourceTree = DEVELOPER_DIR; };
		C45E5E9418A2321D00437178 /* YFImagePagerTests-Info.plist */ = {isa = PBXFileReference; lastKnownFileType = text.plist.xml; path = "YFImagePagerTests-Info.plist"; sourceTree = "<group>"; };
		C45E5E9618A2321D00437178 /* en */ = {isa = PBXFileReference; lastKnownFileType = text.plist.strings; name = en; path = en.lproj/InfoPlist.strings; sourceTree = "<group>"; };
		C45E5E9818A2321D00437178 /* YFImagePagerTests.m */ = {isa = PBXFileReference; lastKnownFileType = sourcecode.c.objc; path = YFImagePagerTests.m; sourceTree = "<group>"; };
		C45E5EAA18A2332D00437178 /* YFImagePager.h */ = {isa = PBXFileReference; fileEncoding = 4; lastKnownFileType = sourcecode.c.h; path = YFImagePager.h; sourceTree = "<group>"; };
		C45E5EAB18A2332D00437178 /* YFImagePager.m */ = {isa = PBXFileReference; fileEncoding = 4; lastKnownFileType = sourcecode.c.objc; path = YFImagePager.m; sourceTree = "<group>"; };
		C45E5EAF18A234A900437178 /* 44.png */ = {isa = PBXFileReference; lastKnownFileType = image.png; path = 44.png; sourceTree = "<group>"; };
		C45E5EB018A234A900437178 /* 55.png */ = {isa = PBXFileReference; lastKnownFileType = image.png; path = 55.png; sourceTree = "<group>"; };
		C45E5EB118A234A900437178 /* 66.png */ = {isa = PBXFileReference; lastKnownFileType = image.png; path = 66.png; sourceTree = "<group>"; };
/* End PBXFileReference section */

/* Begin PBXFrameworksBuildPhase section */
		C45E5E6718A2321D00437178 /* Frameworks */ = {
			isa = PBXFrameworksBuildPhase;
			buildActionMask = 2147483647;
			files = (
				C45E5E7018A2321D00437178 /* CoreGraphics.framework in Frameworks */,
				C45E5E7218A2321D00437178 /* UIKit.framework in Frameworks */,
				C45E5E6E18A2321D00437178 /* Foundation.framework in Frameworks */,
			);
			runOnlyForDeploymentPostprocessing = 0;
		};
		C45E5E8818A2321D00437178 /* Frameworks */ = {
			isa = PBXFrameworksBuildPhase;
			buildActionMask = 2147483647;
			files = (
				C45E5E8D18A2321D00437178 /* XCTest.framework in Frameworks */,
				C45E5E8F18A2321D00437178 /* UIKit.framework in Frameworks */,
				C45E5E8E18A2321D00437178 /* Foundation.framework in Frameworks */,
			);
			runOnlyForDeploymentPostprocessing = 0;
		};
/* End PBXFrameworksBuildPhase section */

/* Begin PBXGroup section */
		C45E5E6118A2321D00437178 = {
			isa = PBXGroup;
			children = (
				C45E5E7318A2321D00437178 /* YFImagePager */,
				C45E5E9218A2321D00437178 /* YFImagePagerTests */,
				C45E5E6C18A2321D00437178 /* Frameworks */,
				C45E5E6B18A2321D00437178 /* Products */,
				C45E5EAE18A234A900437178 /* Resource */,
			);
			sourceTree = "<group>";
		};
		C45E5E6B18A2321D00437178 /* Products */ = {
			isa = PBXGroup;
			children = (
				C45E5E6A18A2321D00437178 /* YFImagePager.app */,
				C45E5E8B18A2321D00437178 /* YFImagePagerTests.xctest */,
			);
			name = Products;
			sourceTree = "<group>";
		};
		C45E5E6C18A2321D00437178 /* Frameworks */ = {
			isa = PBXGroup;
			children = (
				C45E5E6D18A2321D00437178 /* Foundation.framework */,
				C45E5E6F18A2321D00437178 /* CoreGraphics.framework */,
				C45E5E7118A2321D00437178 /* UIKit.framework */,
				C45E5E8C18A2321D00437178 /* XCTest.framework */,
			);
			name = Frameworks;
			sourceTree = "<group>";
		};
		C45E5E7318A2321D00437178 /* YFImagePager */ = {
			isa = PBXGroup;
			children = (
				C45E5EA918A2332D00437178 /* pager */,
				C45E5E7C18A2321D00437178 /* AppDelegate.h */,
				C45E5E7D18A2321D00437178 /* AppDelegate.m */,
				C45E5E7F18A2321D00437178 /* Main.storyboard */,
				C45E5E8218A2321D00437178 /* ViewController.h */,
				C45E5E8318A2321D00437178 /* ViewController.m */,
				C45E5E8518A2321D00437178 /* Images.xcassets */,
				C45E5E7418A2321D00437178 /* Supporting Files */,
			);
			path = YFImagePager;
			sourceTree = "<group>";
		};
		C45E5E7418A2321D00437178 /* Supporting Files */ = {
			isa = PBXGroup;
			children = (
				C45E5E7518A2321D00437178 /* YFImagePager-Info.plist */,
				C45E5E7618A2321D00437178 /* InfoPlist.strings */,
				C45E5E7918A2321D00437178 /* main.m */,
				C45E5E7B18A2321D00437178 /* YFImagePager-Prefix.pch */,
			);
			name = "Supporting Files";
			sourceTree = "<group>";
		};
		C45E5E9218A2321D00437178 /* YFImagePagerTests */ = {
			isa = PBXGroup;
			children = (
				C45E5E9818A2321D00437178 /* YFImagePagerTests.m */,
				C45E5E9318A2321D00437178 /* Supporting Files */,
			);
			path = YFImagePagerTests;
			sourceTree = "<group>";
		};
		C45E5E9318A2321D00437178 /* Supporting Files */ = {
			isa = PBXGroup;
			children = (
				C45E5E9418A2321D00437178 /* YFImagePagerTests-Info.plist */,
				C45E5E9518A2321D00437178 /* InfoPlist.strings */,
			);
			name = "Supporting Files";
			sourceTree = "<group>";
		};
		C45E5EA918A2332D00437178 /* pager */ = {
			isa = PBXGroup;
			children = (
				C45E5EAA18A2332D00437178 /* YFImagePager.h */,
				C45E5EAB18A2332D00437178 /* YFImagePager.m */,
			);
			path = pager;
			sourceTree = "<group>";
		};
		C45E5EAE18A234A900437178 /* Resource */ = {
			isa = PBXGroup;
			children = (
				C45E5EAF18A234A900437178 /* 44.png */,
				C45E5EB018A234A900437178 /* 55.png */,
				C45E5EB118A234A900437178 /* 66.png */,
			);
			path = Resource;
			sourceTree = "<group>";
		};
/* End PBXGroup section */

/* Begin PBXNativeTarget section */
		C45E5E6918A2321D00437178 /* YFImagePager */ = {
			isa = PBXNativeTarget;
			buildConfigurationList = C45E5E9C18A2321D00437178 /* Build configuration list for PBXNativeTarget "YFImagePager" */;
			buildPhases = (
				C45E5E6618A2321D00437178 /* Sources */,
				C45E5E6718A2321D00437178 /* Frameworks */,
				C45E5E6818A2321D00437178 /* Resources */,
			);
			buildRules = (
			);
			dependencies = (
			);
			name = YFImagePager;
			productName = YFImagePager;
			productReference = C45E5E6A18A2321D00437178 /* YFImagePager.app */;
			productType = "com.apple.product-type.application";
		};
		C45E5E8A18A2321D00437178 /* YFImagePagerTests */ = {
			isa = PBXNativeTarget;
			buildConfigurationList = C45E5E9F18A2321D00437178 /* Build configuration list for PBXNativeTarget "YFImagePagerTests" */;
			buildPhases = (
				C45E5E8718A2321D00437178 /* Sources */,
				C45E5E8818A2321D00437178 /* Frameworks */,
				C45E5E8918A2321D00437178 /* Resources */,
			);
			buildRules = (
			);
			dependencies = (
				C45E5E9118A2321D00437178 /* PBXTargetDependency */,
			);
			name = YFImagePagerTests;
			productName = YFImagePagerTests;
			productReference = C45E5E8B18A2321D00437178 /* YFImagePagerTests.xctest */;
			productType = "com.apple.product-type.bundle.unit-test";
		};
/* End PBXNativeTarget section */

/* Begin PBXProject section */
		C45E5E6218A2321D00437178 /* Project object */ = {
			isa = PBXProject;
			attributes = {
				LastUpgradeCheck = 0500;
				ORGANIZATIONNAME = aimob;
				TargetAttributes = {
					C45E5E8A18A2321D00437178 = {
						TestTargetID = C45E5E6918A2321D00437178;
					};
				};
			};
			buildConfigurationList = C45E5E6518A2321D00437178 /* Build configuration list for PBXProject "YFImagePager" */;
			compatibilityVersion = "Xcode 3.2";
			developmentRegion = English;
			hasScannedForEncodings = 0;
			knownRegions = (
				en,
				Base,
			);
			mainGroup = C45E5E6118A2321D00437178;
			productRefGroup = C45E5E6B18A2321D00437178 /* Products */;
			projectDirPath = "";
			projectRoot = "";
			targets = (
				C45E5E6918A2321D00437178 /* YFImagePager */,
				C45E5E8A18A2321D00437178 /* YFImagePagerTests */,
			);
		};
/* End PBXProject section */

/* Begin PBXResourcesBuildPhase section */
		C45E5E6818A2321D00437178 /* Resources */ = {
			isa = PBXResourcesBuildPhase;
			buildActionMask = 2147483647;
			files = (
				C45E5EB318A234A900437178 /* 55.png in Resources */,
				C45E5EB418A234A900437178 /* 66.png in Resources */,
				C45E5E8618A2321D00437178 /* Images.xcassets in Resources */,
				C45E5EB218A234A900437178 /* 44.png in Resources */,
				C45E5E7818A2321D00437178 /* InfoPlist.strings in Resources */,
				C45E5E8118A2321D00437178 /* Main.storyboard in Resources */,
			);
			runOnlyForDeploymentPostprocessing = 0;
		};
		C45E5E8918A2321D00437178 /* Resources */ = {
			isa = PBXResourcesBuildPhase;
			buildActionMask = 2147483647;
			files = (
				C45E5E9718A2321D00437178 /* InfoPlist.strings in Resources */,
			);
			runOnlyForDeploymentPostprocessing = 0;
		};
/* End PBXResourcesBuildPhase section */

/* Begin PBXSourcesBuildPhase section */
		C45E5E6618A2321D00437178 /* Sources */ = {
			isa = PBXSourcesBuildPhase;
			buildActionMask = 2147483647;
			files = (
				C45E5E8418A2321D00437178 /* ViewController.m in Sources */,
				C45E5E7E18A2321D00437178 /* AppDelegate.m in Sources */,
				C45E5EAC18A2332D00437178 /* YFImagePager.m in Sources */,
				C45E5E7A18A2321D00437178 /* main.m in Sources */,
			);
			runOnlyForDeploymentPostprocessing = 0;
		};
		C45E5E8718A2321D00437178 /* Sources */ = {
			isa = PBXSourcesBuildPhase;
			buildActionMask = 2147483647;
			files = (
				C45E5E9918A2321D00437178 /* YFImagePagerTests.m in Sources */,
			);
			runOnlyForDeploymentPostprocessing = 0;
		};
/* End PBXSourcesBuildPhase section */

/* Begin PBXTargetDependency section */
		C45E5E9118A2321D00437178 /* PBXTargetDependency */ = {
			isa = PBXTargetDependency;
			target = C45E5E6918A2321D00437178 /* YFImagePager */;
			targetProxy = C45E5E9018A2321D00437178 /* PBXContainerItemProxy */;
		};
/* End PBXTargetDependency section */

/* Begin PBXVariantGroup section */
		C45E5E7618A2321D00437178 /* InfoPlist.strings */ = {
			isa = PBXVariantGroup;
			children = (
				C45E5E7718A2321D00437178 /* en */,
			);
			name = InfoPlist.strings;
			sourceTree = "<group>";
		};
		C45E5E7F18A2321D00437178 /* Main.storyboard */ = {
			isa = PBXVariantGroup;
			children = (
				C45E5E8018A2321D00437178 /* Base */,
			);
			name = Main.storyboard;
			sourceTree = "<group>";
		};
		C45E5E9518A2321D00437178 /* InfoPlist.strings */ = {
			isa = PBXVariantGroup;
			children = (
				C45E5E9618A2321D00437178 /* en */,
			);
			name = InfoPlist.strings;
			sourceTree = "<group>";
		};
/* End PBXVariantGroup section */

/* Begin XCBuildConfiguration section */
		C45E5E9A18A2321D00437178 /* Debug */ = {
			isa = XCBuildConfiguration;
			buildSettings = {
				ALWAYS_SEARCH_USER_PATHS = NO;
				ARCHS = "$(ARCHS_STANDARD_INCLUDING_64_BIT)";
				CLANG_CXX_LANGUAGE_STANDARD = "gnu++0x";
				CLANG_CXX_LIBRARY = "libc++";
				CLANG_ENABLE_MODULES = YES;
				CLANG_ENABLE_OBJC_ARC = YES;
				CLANG_WARN_BOOL_CONVERSION = YES;
				CLANG_WARN_CONSTANT_CONVERSION = YES;
				CLANG_WARN_DIRECT_OBJC_ISA_USAGE = YES_ERROR;
				CLANG_WARN_EMPTY_BODY = YES;
				CLANG_WARN_ENUM_CONVERSION = YES;
				CLANG_WARN_INT_CONVERSION = YES;
				CLANG_WARN_OBJC_ROOT_CLASS = YES_ERROR;
				CLANG_WARN__DUPLICATE_METHOD_MATCH = YES;
				"CODE_SIGN_IDENTITY[sdk=iphoneos*]" = "iPhone Developer";
				COPY_PHASE_STRIP = NO;
				GCC_C_LANGUAGE_STANDARD = gnu99;
				GCC_DYNAMIC_NO_PIC = NO;
				GCC_OPTIMIZATION_LEVEL = 0;
				GCC_PREPROCESSOR_DEFINITIONS = (
					"DEBUG=1",
					"$(inherited)",
				);
				GCC_SYMBOLS_PRIVATE_EXTERN = NO;
				GCC_WARN_64_TO_32_BIT_CONVERSION = YES;
				GCC_WARN_ABOUT_RETURN_TYPE = YES_ERROR;
				GCC_WARN_UNDECLARED_SELECTOR = YES;
				GCC_WARN_UNINITIALIZED_AUTOS = YES;
				GCC_WARN_UNUSED_FUNCTION = YES;
				GCC_WARN_UNUSED_VARIABLE = YES;
				IPHONEOS_DEPLOYMENT_TARGET = 7.0;
				ONLY_ACTIVE_ARCH = YES;
				SDKROOT = iphoneos;
			};
			name = Debug;
		};
		C45E5E9B18A2321D00437178 /* Release */ = {
			isa = XCBuildConfiguration;
			buildSettings = {
				ALWAYS_SEARCH_USER_PATHS = NO;
				ARCHS = "$(ARCHS_STANDARD_INCLUDING_64_BIT)";
				CLANG_CXX_LANGUAGE_STANDARD = "gnu++0x";
				CLANG_CXX_LIBRARY = "libc++";
				CLANG_ENABLE_MODULES = YES;
				CLANG_ENABLE_OBJC_ARC = YES;
				CLANG_WARN_BOOL_CONVERSION = YES;
				CLANG_WARN_CONSTANT_CONVERSION = YES;
				CLANG_WARN_DIRECT_OBJC_ISA_USAGE = YES_ERROR;
				CLANG_WARN_EMPTY_BODY = YES;
				CLANG_WARN_ENUM_CONVERSION = YES;
				CLANG_WARN_INT_CONVERSION = YES;
				CLANG_WARN_OBJC_ROOT_CLASS = YES_ERROR;
				CLANG_WARN__DUPLICATE_METHOD_MATCH = YES;
				"CODE_SIGN_IDENTITY[sdk=iphoneos*]" = "iPhone Developer";
				COPY_PHASE_STRIP = YES;
				ENABLE_NS_ASSERTIONS = NO;
				GCC_C_LANGUAGE_STANDARD = gnu99;
				GCC_WARN_64_TO_32_BIT_CONVERSION = YES;
				GCC_WARN_ABOUT_RETURN_TYPE = YES_ERROR;
				GCC_WARN_UNDECLARED_SELECTOR = YES;
				GCC_WARN_UNINITIALIZED_AUTOS = YES;
				GCC_WARN_UNUSED_FUNCTION = YES;
				GCC_WARN_UNUSED_VARIABLE = YES;
				IPHONEOS_DEPLOYMENT_TARGET = 7.0;
				SDKROOT = iphoneos;
				VALIDATE_PRODUCT = YES;
			};
			name = Release;
		};
		C45E5E9D18A2321D00437178 /* Debug */ = {
			isa = XCBuildConfiguration;
			buildSettings = {
				ASSETCATALOG_COMPILER_APPICON_NAME = AppIcon;
				ASSETCATALOG_COMPILER_LAUNCHIMAGE_NAME = LaunchImage;
				GCC_PRECOMPILE_PREFIX_HEADER = YES;
				GCC_PREFIX_HEADER = "YFImagePager/YFImagePager-Prefix.pch";
				INFOPLIST_FILE = "YFImagePager/YFImagePager-Info.plist";
				PRODUCT_NAME = "$(TARGET_NAME)";
				WRAPPER_EXTENSION = app;
			};
			name = Debug;
		};
		C45E5E9E18A2321D00437178 /* Release */ = {
			isa = XCBuildConfiguration;
			buildSettings = {
				ASSETCATALOG_COMPILER_APPICON_NAME = AppIcon;
				ASSETCATALOG_COMPILER_LAUNCHIMAGE_NAME = LaunchImage;
				GCC_PRECOMPILE_PREFIX_HEADER = YES;
				GCC_PREFIX_HEADER = "YFImagePager/YFImagePager-Prefix.pch";
				INFOPLIST_FILE = "YFImagePager/YFImagePager-Info.plist";
				PRODUCT_NAME = "$(TARGET_NAME)";
				WRAPPER_EXTENSION = app;
			};
			name = Release;
		};
		C45E5EA018A2321D00437178 /* Debug */ = {
			isa = XCBuildConfiguration;
			buildSettings = {
				ARCHS = "$(ARCHS_STANDARD_INCLUDING_64_BIT)";
				BUNDLE_LOADER = "$(BUILT_PRODUCTS_DIR)/YFImagePager.app/YFImagePager";
				FRAMEWORK_SEARCH_PATHS = (
					"$(SDKROOT)/Developer/Library/Frameworks",
					"$(inherited)",
					"$(DEVELOPER_FRAMEWORKS_DIR)",
				);
				GCC_PRECOMPILE_PREFIX_HEADER = YES;
				GCC_PREFIX_HEADER = "YFImagePager/YFImagePager-Prefix.pch";
				GCC_PREPROCESSOR_DEFINITIONS = (
					"DEBUG=1",
					"$(inherited)",
				);
				INFOPLIST_FILE = "YFImagePagerTests/YFImagePagerTests-Info.plist";
				PRODUCT_NAME = "$(TARGET_NAME)";
				TEST_HOST = "$(BUNDLE_LOADER)";
				WRAPPER_EXTENSION = xctest;
			};
			name = Debug;
		};
		C45E5EA118A2321D00437178 /* Release */ = {
			isa = XCBuildConfiguration;
			buildSettings = {
				ARCHS = "$(ARCHS_STANDARD_INCLUDING_64_BIT)";
				BUNDLE_LOADER = "$(BUILT_PRODUCTS_DIR)/YFImagePager.app/YFImagePager";
				FRAMEWORK_SEARCH_PATHS = (
					"$(SDKROOT)/Developer/Library/Frameworks",
					"$(inherited)",
					"$(DEVELOPER_FRAMEWORKS_DIR)",
				);
				GCC_PRECOMPILE_PREFIX_HEADER = YES;
				GCC_PREFIX_HEADER = "YFImagePager/YFImagePager-Prefix.pch";
				INFOPLIST_FILE = "YFImagePagerTests/YFImagePagerTests-Info.plist";
				PRODUCT_NAME = "$(TARGET_NAME)";
				TEST_HOST = "$(BUNDLE_LOADER)";
				WRAPPER_EXTENSION = xctest;
			};
			name = Release;
		};
/* End XCBuildConfiguration section */

/* Begin XCConfigurationList section */
		C45E5E6518A2321D00437178 /* Build configuration list for PBXProject "YFImagePager" */ = {
			isa = XCConfigurationList;
			buildConfigurations = (
				C45E5E9A18A2321D00437178 /* Debug */,
				C45E5E9B18A2321D00437178 /* Release */,
			);
			defaultConfigurationIsVisible = 0;
			defaultConfigurationName = Release;
		};
		C45E5E9C18A2321D00437178 /* Build configuration list for PBXNativeTarget "YFImagePager" */ = {
			isa = XCConfigurationList;
			buildConfigurations = (
				C45E5E9D18A2321D00437178 /* Debug */,
				C45E5E9E18A2321D00437178 /* Release */,
			);
			defaultConfigurationIsVisible = 0;
		};
		C45E5E9F18A2321D00437178 /* Build configuration list for PBXNativeTarget "YFImagePagerTests" */ = {
			isa = XCConfigurationList;
			buildConfigurations = (
				C45E5EA018A2321D00437178 /* Debug */,
				C45E5EA118A2321D00437178 /* Release */,
			);
			defaultConfigurationIsVisible = 0;
		};
/* End XCConfigurationList section */
	};
	rootObject = C45E5E6218A2321D00437178 /* Project object */;
}
